
Microsoft Visual Studio Solution File, Format Version 12.00
# Visual Studio Version 16
VisualStudioVersion = 16.0.31025.194
MinimumVisualStudioVersion = 10.0.40219.1
Project("{9A19103F-16F7-4668-BE54-9A1E7A4F7556}") = "e-commerce", "e-commerce\e-commerce.csproj", "{94989F50-1EB2-4B43-91CC-536E6A171FA5}"
EndProject
Project("{9A19103F-16F7-4668-BE54-9A1E7A4F7556}") = "Core.Domain", "Core\Core.Domain.csproj", "{8A445F38-4E6E-4EBC-91FF-E0B7AD778D76}"
EndProject
Project("{9A19103F-16F7-4668-BE54-9A1E7A4F7556}") = "Infrastructure", "Infrastructure\Infrastructure.csproj", "{0382BCAA-49C4-412F-B2A0-4485C3505A9E}"
EndProject
Project("{FAE04EC0-301F-11D3-BF4B-00C04F79EFBC}") = "Core.DomainServices", "Core.DomainServices\Core.DomainServices.csproj", "{1602E757-46DE-4F80-8292-D226384E3346}"
EndProject
Global
	GlobalSection(SolutionConfigurationPlatforms) = preSolution
		Debug|Any CPU = Debug|Any CPU
		Release|Any CPU = Release|Any CPU
	EndGlobalSection
	GlobalSection(ProjectConfigurationPlatforms) = postSolution
		{94989F50-1EB2-4B43-91CC-536E6A171FA5}.Debug|Any CPU.ActiveCfg = Debug|Any CPU
		{94989F50-1EB2-4B43-91CC-536E6A171FA5}.Debug|Any CPU.Build.0 = Debug|Any CPU
		{94989F50-1EB2-4B43-91CC-536E6A171FA5}.Release|Any CPU.ActiveCfg = Release|Any CPU
		{94989F50-1EB2-4B43-91CC-536E6A171FA5}.Release|Any CPU.Build.0 = Release|Any CPU
		{8A445F38-4E6E-4EBC-91FF-E0B7AD778D76}.Debug|Any CPU.ActiveCfg = Debug|Any CPU
		{8A445F38-4E6E-4EBC-91FF-E0B7AD778D76}.Debug|Any CPU.Build.0 = Debug|Any CPU
		{8A445F38-4E6E-4EBC-91FF-E0B7AD778D76}.Release|Any CPU.ActiveCfg = Release|Any CPU
		{8A445F38-4E6E-4EBC-91FF-E0B7AD778D76}.Release|Any CPU.Build.0 = Release|Any CPU
		{0382BCAA-49C4-412F-B2A0-4485C3505A9E}.Debug|Any CPU.ActiveCfg = Debug|Any CPU
		{0382BCAA-49C4-412F-B2A0-4485C3505A9E}.Debug|Any CPU.Build.0 = Debug|Any CPU
		{0382BCAA-49C4-412F-B2A0-4485C3505A9E}.Release|Any CPU.ActiveCfg = Release|Any CPU
		{0382BCAA-49C4-412F-B2A0-4485C3505A9E}.Release|Any CPU.Build.0 = Release|Any CPU
		{1602E757-46DE-4F80-8292-D226384E3346}.Debug|Any CPU.ActiveCfg = Debug|Any CPU
		{1602E757-46DE-4F80-8292-D226384E3346}.Debug|Any CPU.Build.0 = Debug|Any CPU
		{1602E757-46DE-4F80-8292-D226384E3346}.Release|Any CPU.ActiveCfg = Release|Any CPU
		{1602E757-46DE-4F80-8292-D226384E3346}.Release|Any CPU.Build.0 = Release|Any CPU
	EndGlobalSection
	GlobalSection(SolutionProperties) = preSolution
		HideSolutionNode = FALSE
	EndGlobalSection
	GlobalSection(ExtensibilityGlobals) = postSolution
		SolutionGuid = {1FA73CBF-05A9-46A6-BFC0-84ED145AF401}
	EndGlobalSection
EndGlobal
